# This file was autogenerated by Stack.
# You should not edit this file by hand.
# For more information, please see the documentation at:
#   https://docs.haskellstack.org/en/stable/lock_files

packages:
- completed:
    hackage: hsnoise-0.0.2@sha256:ebde231014d8c1f4c44e9760742824af87645cdff1f223c2efe16d79bc418587,1306
    pantry-tree:
      size: 535
      sha256: a8a86b3f5ddc47573cdcf176b6a0a884435dcd7ed21c6bc763566188b45cd133
  original:
    hackage: hsnoise-0.0.2@sha256:ebde231014d8c1f4c44e9760742824af87645cdff1f223c2efe16d79bc418587,1306
- completed:
    hackage: gi-cairo-render-0.0.1@sha256:ff2ccc309c021c2c023fa0d380375ef36cff2df93e0c78ed733f052dd1aa9782,3502
    pantry-tree:
      size: 1603
      sha256: e05dbca4c5acaf73903c142fc586d42ac8e2b57aabcc890053f8b02b1067d60a
  original:
    hackage: gi-cairo-render-0.0.1@sha256:ff2ccc309c021c2c023fa0d380375ef36cff2df93e0c78ed733f052dd1aa9782,3502
- completed:
    size: 60640
    url: https://github.com/Yvee1/chaosbox/archive/cbf98ea3df443cdd61af16ae7d9b3d0098155fdb.tar.gz
    cabal-file:
      size: 3280
      sha256: 713983d2e905c87302fb147576b681e8e9cf142090db6cce8fcab632d2b2b9cd
    name: chaosbox
    version: 0.0.0.2
    sha256: b954a5573bd9447fd30ff0d323576adad3b075eaf053bb00672a0fdaee0a5aad
    pantry-tree:
      size: 2566
      sha256: 24786d495c9b28d6b54ded0eb58a3cb6a9eb27089ef0313c3ea9d472f0e393b5
  original:
    url: https://github.com/Yvee1/chaosbox/archive/cbf98ea3df443cdd61af16ae7d9b3d0098155fdb.tar.gz
- completed:
    size: 107627
    url: https://github.com/Yvee1/hs-librsvg/archive/d78c17a45a00c2686853247e20a692b24a7915fc.tar.gz
    cabal-file:
      size: 1218
      sha256: 2bb014961aad79db4db569eafd340de8104f45a871abc9b007a88f849be856a3
    name: hs-librsvg
    version: 0.1.0.0
    sha256: abd37dead0e1c5813227154db9c45f6ba530ce928289a979313772a448b64307
    pantry-tree:
      size: 567
      sha256: 234ef2802a82ffe3e683860551ce4374875f48ac92e98820b546bb5af8843597
  original:
    url: https://github.com/Yvee1/hs-librsvg/archive/d78c17a45a00c2686853247e20a692b24a7915fc.tar.gz
snapshots:
- completed:
    size: 545658
    url: https://raw.githubusercontent.com/commercialhaskell/stackage-snapshots/master/lts/14/12.yaml
    sha256: 26b807457213126d26b595439d705dc824dbb7618b0de6b900adc2bf6a059406
  original: lts-14.12
