# This file was autogenerated by Stack.
# You should not edit this file by hand.
# For more information, please see the documentation at:
#   https://docs.haskellstack.org/en/stable/lock_files

packages:
- completed:
    hackage: hsnoise-0.0.2@sha256:ebde231014d8c1f4c44e9760742824af87645cdff1f223c2efe16d79bc418587,1306
    pantry-tree:
      size: 535
      sha256: a8a86b3f5ddc47573cdcf176b6a0a884435dcd7ed21c6bc763566188b45cd133
  original:
    hackage: hsnoise-0.0.2@sha256:ebde231014d8c1f4c44e9760742824af87645cdff1f223c2efe16d79bc418587,1306
- completed:
    hackage: gi-cairo-render-0.0.1@sha256:ff2ccc309c021c2c023fa0d380375ef36cff2df93e0c78ed733f052dd1aa9782,3502
    pantry-tree:
      size: 1603
      sha256: e05dbca4c5acaf73903c142fc586d42ac8e2b57aabcc890053f8b02b1067d60a
  original:
    hackage: gi-cairo-render-0.0.1@sha256:ff2ccc309c021c2c023fa0d380375ef36cff2df93e0c78ed733f052dd1aa9782,3502
- completed:
    size: 58453
    url: https://github.com/5outh/chaosbox/archive/93093054cfdf2af0f5d72546aada2c5d474b8c27.tar.gz
    cabal-file:
      size: 3246
      sha256: 6a772787f8a42c48ce7c8fa22ed1ca2116e1b6153fd89f55c3a68c6ec08fe2bd
    name: chaosbox
    version: 0.0.0.1
    sha256: af358984f742e0a58e7c5ead980d377e590479d847126be93b319036b2e32f29
    pantry-tree:
      size: 2492
      sha256: 115e3a2c00599e78138d9d245cdaf292b7c0b7d9555dc26d0d8e89ff1f69f18d
  original:
    url: https://github.com/5outh/chaosbox/archive/93093054cfdf2af0f5d72546aada2c5d474b8c27.tar.gz
snapshots:
- completed:
    size: 525876
    url: https://raw.githubusercontent.com/commercialhaskell/stackage-snapshots/master/lts/14/13.yaml
    sha256: 4a0e79eb194c937cc2a1852ff84d983c63ac348dc6bad5f38d20cab697036eef
  original: lts-14.13
